
Microsoft Visual Studio Solution File, Format Version 12.00
# Visual Studio Version 16
VisualStudioVersion = 16.0.31424.327
MinimumVisualStudioVersion = 10.0.40219.1
Project("{888888A0-9F3D-457C-B088-3A5042F75D52}") = "Blog", "Blog\Blog.pyproj", "{8240F03D-7973-466B-BA0A-16189D1A5EBB}"
EndProject
Global
	GlobalSection(SolutionConfigurationPlatforms) = preSolution
		Debug|Any CPU = Debug|Any CPU
		Release|Any CPU = Release|Any CPU
	EndGlobalSection
	GlobalSection(ProjectConfigurationPlatforms) = postSolution
		{8240F03D-7973-466B-BA0A-16189D1A5EBB}.Debug|Any CPU.ActiveCfg = Debug|Any CPU
		{8240F03D-7973-466B-BA0A-16189D1A5EBB}.Debug|Any CPU.Build.0 = Debug|Any CPU
		{8240F03D-7973-466B-BA0A-16189D1A5EBB}.Release|Any CPU.ActiveCfg = Release|Any CPU
		{8240F03D-7973-466B-BA0A-16189D1A5EBB}.Release|Any CPU.Build.0 = Release|Any CPU
	EndGlobalSection
	GlobalSection(SolutionProperties) = preSolution
		HideSolutionNode = FALSE
	EndGlobalSection
	GlobalSection(ExtensibilityGlobals) = postSolution
		SolutionGuid = {5B5B3AEC-6E9D-4E4A-BC70-B4662C41EF3E}
	EndGlobalSection
EndGlobal
